{
  "version": 4,
  "terraform_version": "0.13.5",
  "serial": 71,
  "lineage": "111681bf-7890-12bd-a544-cfbaa151f8be",
  "outputs": {},
  "resources": [
    {
      "mode": "managed",
      "type": "aws_s3_bucket",
      "name": "codepipeline_bucket",
      "provider": "provider[\"registry.terraform.io/hashicorp/aws\"]",
      "instances": [
        {
          "schema_version": 0,
          "attributes": {
            "acceleration_status": "",
            "acl": "private",
            "arn": "arn:aws:s3:::codepipeline-bucket-2021",
            "bucket": "codepipeline-bucket-2021",
            "bucket_domain_name": "codepipeline-bucket-2021.s3.amazonaws.com",
            "bucket_prefix": null,
            "bucket_regional_domain_name": "codepipeline-bucket-2021.s3.amazonaws.com",
            "cors_rule": [],
            "force_destroy": false,
            "grant": [],
            "hosted_zone_id": "Z3AQBSTGFYJSTF",
            "id": "codepipeline-bucket-2021",
            "lifecycle_rule": [],
            "logging": [],
            "object_lock_configuration": [],
            "policy": null,
            "region": "us-east-1",
            "replication_configuration": [],
            "request_payer": "BucketOwner",
            "server_side_encryption_configuration": [],
            "tags": {},
            "versioning": [
              {
                "enabled": false,
                "mfa_delete": false
              }
            ],
            "website": [],
            "website_domain": null,
            "website_endpoint": null
          }
        }
      ]
    }
  ]
}
